
Microsoft Visual Studio Solution File, Format Version 12.00
# Visual Studio Version 17
VisualStudioVersion = 17.1.32210.238
MinimumVisualStudioVersion = 10.0.40219.1
Project("{D954291E-2A0B-460D-934E-DC6B0785DB48}") = "SkiaSharpTest.Shared", "SkiaSharpTest\SkiaSharpTest.Shared\SkiaSharpTest.Shared.shproj", "{6279C845-92F8-4333-AB99-3D213163593C}"
EndProject
Project("{9A19103F-16F7-4668-BE54-9A1E7A4F7556}") = "SkiaSharpTest.Skia.Gtk", "SkiaSharpTest\SkiaSharpTest.Skia.Gtk\SkiaSharpTest.Skia.Gtk.csproj", "{F7B8D5EB-983D-4E80-AF84-BE8B707D2949}"
EndProject
Global
	GlobalSection(SharedMSBuildProjectFiles) = preSolution
		SkiaSharpTest\SkiaSharpTest.Shared\SkiaSharpTest.Shared.projitems*{20363580-7906-4674-a521-c88a02857b71}*SharedItemsImports = 5
		SkiaSharpTest\SkiaSharpTest.Shared\SkiaSharpTest.Shared.projitems*{2119437e-6e80-4406-9281-2d45e3fd22c5}*SharedItemsImports = 4
		SkiaSharpTest\SkiaSharpTest.Shared\SkiaSharpTest.Shared.projitems*{21c9cd1f-56b9-4900-9508-23c40652c715}*SharedItemsImports = 5
		SkiaSharpTest\SkiaSharpTest.Shared\SkiaSharpTest.Shared.projitems*{6279c845-92f8-4333-ab99-3d213163593c}*SharedItemsImports = 13
		SkiaSharpTest\SkiaSharpTest.Shared\SkiaSharpTest.Shared.projitems*{7acce748-b2d6-4010-9e2d-c36ee736a904}*SharedItemsImports = 4
		SkiaSharpTest\SkiaSharpTest.Shared\SkiaSharpTest.Shared.projitems*{e798ba38-04bf-4085-96ed-de8c2c0d6ab1}*SharedItemsImports = 4
		SkiaSharpTest\SkiaSharpTest.Shared\SkiaSharpTest.Shared.projitems*{eaf52b71-3eed-4924-bd84-5dd7f2e3d603}*SharedItemsImports = 5
		SkiaSharpTest\SkiaSharpTest.Shared\SkiaSharpTest.Shared.projitems*{f7b8d5eb-983d-4e80-af84-be8b707d2949}*SharedItemsImports = 5
	EndGlobalSection
	GlobalSection(SolutionConfigurationPlatforms) = preSolution
		Ad-Hoc|Any CPU = Ad-Hoc|Any CPU
		Ad-Hoc|ARM = Ad-Hoc|ARM
		Ad-Hoc|iPhone = Ad-Hoc|iPhone
		Ad-Hoc|iPhoneSimulator = Ad-Hoc|iPhoneSimulator
		Ad-Hoc|x64 = Ad-Hoc|x64
		Ad-Hoc|x86 = Ad-Hoc|x86
		AppStore|Any CPU = AppStore|Any CPU
		AppStore|ARM = AppStore|ARM
		AppStore|iPhone = AppStore|iPhone
		AppStore|iPhoneSimulator = AppStore|iPhoneSimulator
		AppStore|x64 = AppStore|x64
		AppStore|x86 = AppStore|x86
		Debug|Any CPU = Debug|Any CPU
		Debug|ARM = Debug|ARM
		Debug|iPhone = Debug|iPhone
		Debug|iPhoneSimulator = Debug|iPhoneSimulator
		Debug|x64 = Debug|x64
		Debug|x86 = Debug|x86
		Release|Any CPU = Release|Any CPU
		Release|ARM = Release|ARM
		Release|iPhone = Release|iPhone
		Release|iPhoneSimulator = Release|iPhoneSimulator
		Release|x64 = Release|x64
		Release|x86 = Release|x86
	EndGlobalSection
	GlobalSection(ProjectConfigurationPlatforms) = postSolution
		{F7B8D5EB-983D-4E80-AF84-BE8B707D2949}.Ad-Hoc|Any CPU.ActiveCfg = Debug|Any CPU
		{F7B8D5EB-983D-4E80-AF84-BE8B707D2949}.Ad-Hoc|Any CPU.Build.0 = Debug|Any CPU
		{F7B8D5EB-983D-4E80-AF84-BE8B707D2949}.Ad-Hoc|ARM.ActiveCfg = Debug|Any CPU
		{F7B8D5EB-983D-4E80-AF84-BE8B707D2949}.Ad-Hoc|ARM.Build.0 = Debug|Any CPU
		{F7B8D5EB-983D-4E80-AF84-BE8B707D2949}.Ad-Hoc|iPhone.ActiveCfg = Debug|Any CPU
		{F7B8D5EB-983D-4E80-AF84-BE8B707D2949}.Ad-Hoc|iPhone.Build.0 = Debug|Any CPU
		{F7B8D5EB-983D-4E80-AF84-BE8B707D2949}.Ad-Hoc|iPhoneSimulator.ActiveCfg = Debug|Any CPU
		{F7B8D5EB-983D-4E80-AF84-BE8B707D2949}.Ad-Hoc|iPhoneSimulator.Build.0 = Debug|Any CPU
		{F7B8D5EB-983D-4E80-AF84-BE8B707D2949}.Ad-Hoc|x64.ActiveCfg = Debug|Any CPU
		{F7B8D5EB-983D-4E80-AF84-BE8B707D2949}.Ad-Hoc|x64.Build.0 = Debug|Any CPU
		{F7B8D5EB-983D-4E80-AF84-BE8B707D2949}.Ad-Hoc|x86.ActiveCfg = Debug|Any CPU
		{F7B8D5EB-983D-4E80-AF84-BE8B707D2949}.Ad-Hoc|x86.Build.0 = Debug|Any CPU
		{F7B8D5EB-983D-4E80-AF84-BE8B707D2949}.AppStore|Any CPU.ActiveCfg = Debug|Any CPU
		{F7B8D5EB-983D-4E80-AF84-BE8B707D2949}.AppStore|Any CPU.Build.0 = Debug|Any CPU
		{F7B8D5EB-983D-4E80-AF84-BE8B707D2949}.AppStore|ARM.ActiveCfg = Debug|Any CPU
		{F7B8D5EB-983D-4E80-AF84-BE8B707D2949}.AppStore|ARM.Build.0 = Debug|Any CPU
		{F7B8D5EB-983D-4E80-AF84-BE8B707D2949}.AppStore|iPhone.ActiveCfg = Debug|Any CPU
		{F7B8D5EB-983D-4E80-AF84-BE8B707D2949}.AppStore|iPhone.Build.0 = Debug|Any CPU
		{F7B8D5EB-983D-4E80-AF84-BE8B707D2949}.AppStore|iPhoneSimulator.ActiveCfg = Debug|Any CPU
		{F7B8D5EB-983D-4E80-AF84-BE8B707D2949}.AppStore|iPhoneSimulator.Build.0 = Debug|Any CPU
		{F7B8D5EB-983D-4E80-AF84-BE8B707D2949}.AppStore|x64.ActiveCfg = Debug|Any CPU
		{F7B8D5EB-983D-4E80-AF84-BE8B707D2949}.AppStore|x64.Build.0 = Debug|Any CPU
		{F7B8D5EB-983D-4E80-AF84-BE8B707D2949}.AppStore|x86.ActiveCfg = Debug|Any CPU
		{F7B8D5EB-983D-4E80-AF84-BE8B707D2949}.AppStore|x86.Build.0 = Debug|Any CPU
		{F7B8D5EB-983D-4E80-AF84-BE8B707D2949}.Debug|Any CPU.ActiveCfg = Debug|Any CPU
		{F7B8D5EB-983D-4E80-AF84-BE8B707D2949}.Debug|Any CPU.Build.0 = Debug|Any CPU
		{F7B8D5EB-983D-4E80-AF84-BE8B707D2949}.Debug|ARM.ActiveCfg = Debug|Any CPU
		{F7B8D5EB-983D-4E80-AF84-BE8B707D2949}.Debug|ARM.Build.0 = Debug|Any CPU
		{F7B8D5EB-983D-4E80-AF84-BE8B707D2949}.Debug|iPhone.ActiveCfg = Debug|Any CPU
		{F7B8D5EB-983D-4E80-AF84-BE8B707D2949}.Debug|iPhone.Build.0 = Debug|Any CPU
		{F7B8D5EB-983D-4E80-AF84-BE8B707D2949}.Debug|iPhoneSimulator.ActiveCfg = Debug|Any CPU
		{F7B8D5EB-983D-4E80-AF84-BE8B707D2949}.Debug|iPhoneSimulator.Build.0 = Debug|Any CPU
		{F7B8D5EB-983D-4E80-AF84-BE8B707D2949}.Debug|x64.ActiveCfg = Debug|Any CPU
		{F7B8D5EB-983D-4E80-AF84-BE8B707D2949}.Debug|x64.Build.0 = Debug|Any CPU
		{F7B8D5EB-983D-4E80-AF84-BE8B707D2949}.Debug|x86.ActiveCfg = Debug|Any CPU
		{F7B8D5EB-983D-4E80-AF84-BE8B707D2949}.Debug|x86.Build.0 = Debug|Any CPU
		{F7B8D5EB-983D-4E80-AF84-BE8B707D2949}.Release|Any CPU.ActiveCfg = Release|Any CPU
		{F7B8D5EB-983D-4E80-AF84-BE8B707D2949}.Release|Any CPU.Build.0 = Release|Any CPU
		{F7B8D5EB-983D-4E80-AF84-BE8B707D2949}.Release|ARM.ActiveCfg = Release|Any CPU
		{F7B8D5EB-983D-4E80-AF84-BE8B707D2949}.Release|ARM.Build.0 = Release|Any CPU
		{F7B8D5EB-983D-4E80-AF84-BE8B707D2949}.Release|iPhone.ActiveCfg = Release|Any CPU
		{F7B8D5EB-983D-4E80-AF84-BE8B707D2949}.Release|iPhone.Build.0 = Release|Any CPU
		{F7B8D5EB-983D-4E80-AF84-BE8B707D2949}.Release|iPhoneSimulator.ActiveCfg = Release|Any CPU
		{F7B8D5EB-983D-4E80-AF84-BE8B707D2949}.Release|iPhoneSimulator.Build.0 = Release|Any CPU
		{F7B8D5EB-983D-4E80-AF84-BE8B707D2949}.Release|x64.ActiveCfg = Release|Any CPU
		{F7B8D5EB-983D-4E80-AF84-BE8B707D2949}.Release|x64.Build.0 = Release|Any CPU
		{F7B8D5EB-983D-4E80-AF84-BE8B707D2949}.Release|x86.ActiveCfg = Release|Any CPU
		{F7B8D5EB-983D-4E80-AF84-BE8B707D2949}.Release|x86.Build.0 = Release|Any CPU
	EndGlobalSection
	GlobalSection(SolutionProperties) = preSolution
		HideSolutionNode = FALSE
	EndGlobalSection
	GlobalSection(ExtensibilityGlobals) = postSolution
		SolutionGuid = {02027908-EB09-478B-A363-A69555CF55D4}
	EndGlobalSection
EndGlobal
